{
  "name": "cfb27-save-editor",
  "version": "1.0.0",
  "lockfileVersion": 3,
  "requires": true,
  "packages": {
    "": {
      "name": "cfb27-save-editor",
      "version": "1.0.0",
      "license": "ISC",
      "dependencies": {
        "madden-franchise": "^3.8.0"
      }
    },
    "node_modules/@nodable/entities": {
      "version": "2.2.0",
      "resolved": "https://registry.npmjs.org/@nodable/entities/-/entities-2.2.0.tgz",
      "integrity": "sha512-9uGyhaQavEUMC8AIddIjau4NsnsXhou+j5sBAGojCM1oxmQpVKTWR/9JxABD6UAv12vpIms55fPZKFQEhG6uBg==",
      "funding": [
        {
          "type": "github",
          "url": "https://github.com/sponsors/nodable"
        }
      ]
    },
    "node_modules/@toondepauw/node-zstd": {
      "version": "1.2.0",
      "resolved": "https://registry.npmjs.org/@toondepauw/node-zstd/-/node-zstd-1.2.0.tgz",
      "integrity": "sha512-vVDvPUstF9gKEX+Kqp654bL+4UNus6pkmY8mlcJQpIw/Sn6sO9fl1PEwxB0d0unH5PmVfBUicf1lOXu74OLrCg==",
      "engines": {
        "node": ">= 14"
      },
      "optionalDependencies": {
        "@toondepauw/node-zstd-darwin-arm64": "1.2.0",
        "@toondepauw/node-zstd-darwin-x64": "1.2.0",
        "@toondepauw/node-zstd-freebsd-x64": "1.2.0",
        "@toondepauw/node-zstd-linux-arm64-gnu": "1.2.0",
        "@toondepauw/node-zstd-linux-arm64-musl": "1.2.0",
        "@toondepauw/node-zstd-linux-x64-gnu": "1.2.0",
        "@toondepauw/node-zstd-linux-x64-musl": "1.2.0",
        "@toondepauw/node-zstd-win32-x64-msvc": "1.2.0"
      }
    },
    "node_modules/@toondepauw/node-zstd-darwin-arm64": {
      "version": "1.2.0",
      "resolved": "https://registry.npmjs.org/@toondepauw/node-zstd-darwin-arm64/-/node-zstd-darwin-arm64-1.2.0.tgz",
      "integrity": "sha512-fdBGlRSrf19M1+IJ98aJCLK6/HKQRnRlhE5i6EZ7kVfD2r6h5Bq9NqHAmQ5MgwtmfB9VMmiIrQAMIxKVeT54pg==",
      "cpu": [
        "arm64"
      ],
      "optional": true,
      "os": [
        "darwin"
      ],
      "engines": {
        "node": ">= 14"
      }
    },
    "node_modules/@toondepauw/node-zstd-darwin-x64": {
      "version": "1.2.0",
      "resolved": "https://registry.npmjs.org/@toondepauw/node-zstd-darwin-x64/-/node-zstd-darwin-x64-1.2.0.tgz",
      "integrity": "sha512-ZVu4zkQUgCQ8z1lLd7/LZzIYDKL48tPguIN8L4SRfLuWWlTq2/4OT6AmchztDbe5soLCDuw64t5X5otDvgsGJA==",
      "cpu": [
        "x64"
      ],
      "optional": true,
      "os": [
        "darwin"
      ],
      "engines": {
        "node": ">= 14"
      }
    },
    "node_modules/@toondepauw/node-zstd-freebsd-x64": {
      "version": "1.2.0",
      "resolved": "https://registry.npmjs.org/@toondepauw/node-zstd-freebsd-x64/-/node-zstd-freebsd-x64-1.2.0.tgz",
      "integrity": "sha512-kDK+l3uP7htiWvM/klY32siEGIBk3K5Da4/DcXV2q/Vp+Ph86FWpQRzC46wJIpJB60xEU67pxFGLBH/8/RB02g==",
      "cpu": [
        "x64"
      ],
      "optional": true,
      "os": [
        "freebsd"
      ],
      "engines": {
        "node": ">= 14"
      }
    },
    "node_modules/@toondepauw/node-zstd-linux-arm64-gnu": {
      "version": "1.2.0",
      "resolved": "https://registry.npmjs.org/@toondepauw/node-zstd-linux-arm64-gnu/-/node-zstd-linux-arm64-gnu-1.2.0.tgz",
      "integrity": "sha512-KteUWam7McA0moNiRgu7KSgPu3FE+KXuh3ObqWoco5JK53Sp4Pgr/q1IYsdN6TYYbgJMkJpof62NIbyi6tnVfg==",
      "cpu": [
        "arm64"
      ],
      "optional": true,
      "os": [
        "linux"
      ],
      "engines": {
        "node": ">= 14"
      }
    },
    "node_modules/@toondepauw/node-zstd-linux-arm64-musl": {
      "version": "1.2.0",
      "resolved": "https://registry.npmjs.org/@toondepauw/node-zstd-linux-arm64-musl/-/node-zstd-linux-arm64-musl-1.2.0.tgz",
      "integrity": "sha512-KjbGOXvPmorhWGD4kEVjdBz/gJgUOw1Eu0xziBwsq03URrI0XSDAY6YiJZpZtGnSjm7XonEpnBZcVwXH1HZz3Q==",
      "cpu": [
        "arm64"
      ],
      "optional": true,
      "os": [
        "linux"
      ],
      "engines": {
        "node": ">= 14"
      }
    },
    "node_modules/@toondepauw/node-zstd-linux-x64-gnu": {
      "version": "1.2.0",
      "resolved": "https://registry.npmjs.org/@toondepauw/node-zstd-linux-x64-gnu/-/node-zstd-linux-x64-gnu-1.2.0.tgz",
      "integrity": "sha512-qNJDZGd/jplK/1J+8V87dYdrviAxNt1iwI/SQ0JR3HTz5Jdbu+BnVB9oMklCc/bGWa8zTkiZkl/EwA3gtbpo+Q==",
      "cpu": [
        "x64"
      ],
      "optional": true,
      "os": [
        "linux"
      ],
      "engines": {
        "node": ">= 14"
      }
    },
    "node_modules/@toondepauw/node-zstd-linux-x64-musl": {
      "version": "1.2.0",
      "resolved": "https://registry.npmjs.org/@toondepauw/node-zstd-linux-x64-musl/-/node-zstd-linux-x64-musl-1.2.0.tgz",
      "integrity": "sha512-Cw1qnMXde8caitDMbk0vWrqnVHTSK+JB/Dp3XnZghQjBrD7JLj2qNzh0eTkxNFa+nijbo8HyyslWGswCugYZCw==",
      "cpu": [
        "x64"
      ],
      "optional": true,
      "os": [
        "linux"
      ],
      "engines": {
        "node": ">= 14"
      }
    },
    "node_modules/@toondepauw/node-zstd-win32-x64-msvc": {
      "version": "1.2.0",
      "resolved": "https://registry.npmjs.org/@toondepauw/node-zstd-win32-x64-msvc/-/node-zstd-win32-x64-msvc-1.2.0.tgz",
      "integrity": "sha512-7cD2/R7DLZHMxHTsQNtOX3vJCT4qd74a3nWjYYthJ89gqXwwEoC8BwttQxvHd0qCZ3S/cZ/BYoTikXMwMNmCEg==",
      "cpu": [
        "x64"
      ],
      "optional": true,
      "os": [
        "win32"
      ],
      "engines": {
        "node": ">= 14"
      }
    },
    "node_modules/anynum": {
      "version": "1.0.1",
      "resolved": "https://registry.npmjs.org/anynum/-/anynum-1.0.1.tgz",
      "integrity": "sha512-N6//FLET/tXYNM/F6ABca1oH6fWB+KlTt909Le28WMDBk8oaT4vY17DCrwg2MvmuqUKt3Ni4N5dGJ/EoBgcO6A==",
      "funding": [
        {
          "type": "github",
          "url": "https://github.com/sponsors/NaturalIntelligence"
        }
      ]
    },
    "node_modules/bit-buffer": {
      "version": "0.2.5",
      "resolved": "https://registry.npmjs.org/bit-buffer/-/bit-buffer-0.2.5.tgz",
      "integrity": "sha512-x1yGnmXvFg6e3DiyRztElbcn1bsCTFSoM/ncAzY62uE0JdTl5xlKJd0ooqLYoPbhdsnpehSIQrdIvclcZJYwiA=="
    },
    "node_modules/fast-xml-builder": {
      "version": "1.2.0",
      "resolved": "https://registry.npmjs.org/fast-xml-builder/-/fast-xml-builder-1.2.0.tgz",
      "integrity": "sha512-00aAWieqff+ZJhsXA4g1g7M8k+7AYoMUUHF+/zFb5U6Uv/P0Vl4QZo84/IcufzYalLuEj9928bXN9PbbFzMF0Q==",
      "funding": [
        {
          "type": "github",
          "url": "https://github.com/sponsors/NaturalIntelligence"
        }
      ],
      "dependencies": {
        "path-expression-matcher": "^1.5.0",
        "xml-naming": "^0.1.0"
      }
    },
    "node_modules/fast-xml-parser": {
      "version": "5.9.3",
      "resolved": "https://registry.npmjs.org/fast-xml-parser/-/fast-xml-parser-5.9.3.tgz",
      "integrity": "sha512-brCNCeScma/kqa54J4PIDriSSSLssRkuYaUCpvHJulGc3HGI/xxKUCTDcYkAdqJsyb//ydpbxecjC3hB9+tb/g==",
      "funding": [
        {
          "type": "github",
          "url": "https://github.com/sponsors/NaturalIntelligence"
        }
      ],
      "dependencies": {
        "@nodable/entities": "^2.2.0",
        "fast-xml-builder": "^1.2.0",
        "is-unsafe": "^1.0.1",
        "path-expression-matcher": "^1.5.0",
        "strnum": "^2.4.1",
        "xml-naming": "^0.1.0"
      },
      "bin": {
        "fxparser": "src/cli/cli.js"
      }
    },
    "node_modules/is-unsafe": {
      "version": "1.0.1",
      "resolved": "https://registry.npmjs.org/is-unsafe/-/is-unsafe-1.0.1.tgz",
      "integrity": "sha512-CLK2+VdgERgD96EYm5lUQssZYlRg2tkZnbsxZoacmSiRxiFJ4Nk4SzjCl+Ur+v3kXIY9dTIdb3IH22y1mZ56LA==",
      "funding": [
        {
          "type": "github",
          "url": "https://github.com/sponsors/NaturalIntelligence"
        }
      ]
    },
    "node_modules/madden-franchise": {
      "version": "3.8.0",
      "resolved": "https://registry.npmjs.org/madden-franchise/-/madden-franchise-3.8.0.tgz",
      "integrity": "sha512-d60usnpEZS1/mLjqoTLw2Y0U9eUAvHUS/94D6IQLVR+nDcSxT8H73zEBf9G6iHyndvb7sPh8UK6HfjNyn/p4iQ==",
      "dependencies": {
        "@toondepauw/node-zstd": "^1.2.0",
        "bit-buffer": "^0.2.5",
        "fast-xml-parser": "^5.2.5",
        "node-xml-stream-parser": "^1.0.12"
      }
    },
    "node_modules/node-xml-stream-parser": {
      "version": "1.0.12",
      "resolved": "https://registry.npmjs.org/node-xml-stream-parser/-/node-xml-stream-parser-1.0.12.tgz",
      "integrity": "sha512-qfUiDv1F6OMSltv2/ay32q7fp995OrA3TmEdlwFcxEjAQPiEAH+qi3jAh0QjOTXNbdLa5hoYhuBPCiylllGfjg=="
    },
    "node_modules/path-expression-matcher": {
      "version": "1.6.1",
      "resolved": "https://registry.npmjs.org/path-expression-matcher/-/path-expression-matcher-1.6.1.tgz",
      "integrity": "sha512-h7bxdzhHk8Knyc4Tj+jMaa7fEEoUJy7p1qtbVgkYg1Uhpe5Np5VuGXCRZnkZvU+Q42M1vStt0ifa3ueykRJPmQ==",
      "funding": [
        {
          "type": "github",
          "url": "https://github.com/sponsors/NaturalIntelligence"
        }
      ],
      "engines": {
        "node": ">=14.0.0"
      }
    },
    "node_modules/strnum": {
      "version": "2.4.1",
      "resolved": "https://registry.npmjs.org/strnum/-/strnum-2.4.1.tgz",
      "integrity": "sha512-M9eUSMT2dCB2cTNPG7UYj6KuK7RJR2SN2+yCV/fTW3xzTCS6EaGZ5pSMgDIjB7r8zSfTGk+dvvn9rTjpVS9Mwg==",
      "funding": [
        {
          "type": "github",
          "url": "https://github.com/sponsors/NaturalIntelligence"
        }
      ],
      "dependencies": {
        "anynum": "^1.0.1"
      }
    },
    "node_modules/xml-naming": {
      "version": "0.1.0",
      "resolved": "https://registry.npmjs.org/xml-naming/-/xml-naming-0.1.0.tgz",
      "integrity": "sha512-k8KO9hrMyNk6tUWqUfkTEZbezRRpONVOzUTnc97VnCvyj6Tf9lyUR9EDAIeiVLv56jsMcoXEwjW8Kv5yPY52lw==",
      "funding": [
        {
          "type": "github",
          "url": "https://github.com/sponsors/NaturalIntelligence"
        }
      ],
      "engines": {
        "node": ">=16.0.0"
      }
    }
  }
}
