{
  "name": "cfb27-lua-hook-workspace",
  "version": "0.1.0-dev.1",
  "lockfileVersion": 3,
  "requires": true,
  "packages": {
    "": {
      "name": "cfb27-lua-hook-workspace",
      "version": "0.1.0-dev.1",
      "license": "MIT",
      "workspaces": [
        "packages/sdk",
        "packages/cli"
      ],
      "engines": {
        "node": ">=20"
      }
    },
    "node_modules/@cfb27/lua-hook": {
      "resolved": "packages/sdk",
      "link": true
    },
    "node_modules/cfb27-lua-hook": {
      "resolved": "packages/cli",
      "link": true
    },
    "packages/cli": {
      "name": "cfb27-lua-hook",
      "version": "0.1.0-dev.1",
      "license": "MIT",
      "dependencies": {
        "@cfb27/lua-hook": "0.1.0-dev.1"
      },
      "bin": {
        "cfb27lua": "bin/cfb27lua.cjs"
      },
      "engines": {
        "node": ">=20"
      }
    },
    "packages/sdk": {
      "name": "@cfb27/lua-hook",
      "version": "0.1.0-dev.1",
      "license": "MIT",
      "engines": {
        "node": ">=20"
      }
    }
  }
}
